// !$*UTF8*$!
{
	archiveVersion = 1;
	classes = {
	};
	objectVersion = 46;
	objects = {

/* Begin PBXBuildFile section */
		FD3426D91D2AA7A3003BC203 /* ChatUtilTest.m in Sources */ = {isa = PBXBuildFile; fileRef = FD3426D81D2AA7A3003BC203 /* ChatUtilTest.m */; };
		FD3426E01D2B834C003BC203 /* CVUtil.m in Sources */ = {isa = PBXBuildFile; fileRef = FD3426DF1D2B834C003BC203 /* CVUtil.m */; };
		FD3426E21D2B8477003BC203 /* abc.png in Resources */ = {isa = PBXBuildFile; fileRef = FD3426E11D2B8477003BC203 /* abc.png */; };
		FD5FCCCF1CF322D40094752B /* main.m in Sources */ = {isa = PBXBuildFile; fileRef = FD5FCCCE1CF322D40094752B /* main.m */; };
		FD5FCCD21CF322D40094752B /* AppDelegate.m in Sources */ = {isa = PBXBuildFile; fileRef = FD5FCCD11CF322D40094752B /* AppDelegate.m */; };
		FD5FCCD51CF322D40094752B /* ViewController.m in Sources */ = {isa = PBXBuildFile; fileRef = FD5FCCD41CF322D40094752B /* ViewController.m */; };
		FD5FCCD81CF322D40094752B /* Main.storyboard in Resources */ = {isa = PBXBuildFile; fileRef = FD5FCCD61CF322D40094752B /* Main.storyboard */; };
		FD5FCCDA1CF322D40094752B /* Assets.xcassets in Resources */ = {isa = PBXBuildFile; fileRef = FD5FCCD91CF322D40094752B /* Assets.xcassets */; };
		FD5FCCDD1CF322D40094752B /* LaunchScreen.storyboard in Resources */ = {isa = PBXBuildFile; fileRef = FD5FCCDB1CF322D40094752B /* LaunchScreen.storyboard */; };
		FD5FCCE81CF322D50094752B /* LYFrameworkDemoTests.m in Sources */ = {isa = PBXBuildFile; fileRef = FD5FCCE71CF322D50094752B /* LYFrameworkDemoTests.m */; };
		FD64158B1D2E45A10067D592 /* UIViewController+YingYingImagePickerController.m in Sources */ = {isa = PBXBuildFile; fileRef = FD64158A1D2E45A10067D592 /* UIViewController+YingYingImagePickerController.m */; };
		FD65AC431D20D20800C5C1A4 /* ChatUtil.m in Sources */ = {isa = PBXBuildFile; fileRef = FD65AC2E1D20D20800C5C1A4 /* ChatUtil.m */; };
		FD65AC441D20D20800C5C1A4 /* IPAddressUtil.m in Sources */ = {isa = PBXBuildFile; fileRef = FD65AC301D20D20800C5C1A4 /* IPAddressUtil.m */; };
		FD65AC451D20D20800C5C1A4 /* LYCoding.m in Sources */ = {isa = PBXBuildFile; fileRef = FD65AC331D20D20800C5C1A4 /* LYCoding.m */; };
		FD65AC461D20D20800C5C1A4 /* LYTypeEncoding.m in Sources */ = {isa = PBXBuildFile; fileRef = FD65AC351D20D20800C5C1A4 /* LYTypeEncoding.m */; };
		FD65AC471D20D20800C5C1A4 /* NSDictionary+LYDictToObject.m in Sources */ = {isa = PBXBuildFile; fileRef = FD65AC371D20D20800C5C1A4 /* NSDictionary+LYDictToObject.m */; };
		FD65AC481D20D20800C5C1A4 /* NSObject+LYTypeConversion.m in Sources */ = {isa = PBXBuildFile; fileRef = FD65AC391D20D20800C5C1A4 /* NSObject+LYTypeConversion.m */; };
		FD65AC491D20D20800C5C1A4 /* LYColor.m in Sources */ = {isa = PBXBuildFile; fileRef = FD65AC3C1D20D20800C5C1A4 /* LYColor.m */; };
		FD65AC4A1D20D20800C5C1A4 /* LYDebug.m in Sources */ = {isa = PBXBuildFile; fileRef = FD65AC3E1D20D20800C5C1A4 /* LYDebug.m */; };
		FD65AC4B1D20D20800C5C1A4 /* NSObject+LYUITipsView.m in Sources */ = {isa = PBXBuildFile; fileRef = FD65AC401D20D20800C5C1A4 /* NSObject+LYUITipsView.m */; };
		FD65AC4C1D20D20800C5C1A4 /* UIImage+Blur.m in Sources */ = {isa = PBXBuildFile; fileRef = FD65AC421D20D20800C5C1A4 /* UIImage+Blur.m */; };
		FD75C82D1D4EEE3300E0F95E /* AroundAddressViewModel.m in Sources */ = {isa = PBXBuildFile; fileRef = FD75C8281D4EEE3300E0F95E /* AroundAddressViewModel.m */; };
		FD75C82E1D4EEE3300E0F95E /* AroundModalAddressController.m in Sources */ = {isa = PBXBuildFile; fileRef = FD75C82A1D4EEE3300E0F95E /* AroundModalAddressController.m */; };
		FD75C82F1D4EEE3300E0F95E /* AroundModalAddressController.xib in Resources */ = {isa = PBXBuildFile; fileRef = FD75C82B1D4EEE3300E0F95E /* AroundModalAddressController.xib */; };
		FD75C8301D4EEE3300E0F95E /* china.txt in Resources */ = {isa = PBXBuildFile; fileRef = FD75C82C1D4EEE3300E0F95E /* china.txt */; };
		FD8BC4341D9B6FCA00BF9AB2 /* CaptureStreamUtil.m in Sources */ = {isa = PBXBuildFile; fileRef = FD8BC4311D9B6FCA00BF9AB2 /* CaptureStreamUtil.m */; };
		FD8BC4351D9B6FCA00BF9AB2 /* CaptureUtil.m in Sources */ = {isa = PBXBuildFile; fileRef = FD8BC4331D9B6FCA00BF9AB2 /* CaptureUtil.m */; };
		FDA87D411D2CCDBA00382EAB /* TimeUtil.m in Sources */ = {isa = PBXBuildFile; fileRef = FDA87D401D2CCDBA00382EAB /* TimeUtil.m */; };
		FDA87D431D2CD0AA00382EAB /* TimeUtilTest.m in Sources */ = {isa = PBXBuildFile; fileRef = FDA87D421D2CD0AA00382EAB /* TimeUtilTest.m */; };
		FDA87D461D2CE9D900382EAB /* RuntimeUtil.m in Sources */ = {isa = PBXBuildFile; fileRef = FDA87D451D2CE9D900382EAB /* RuntimeUtil.m */; };
		FDA87D4F1D2D03D200382EAB /* LYDefine.m in Sources */ = {isa = PBXBuildFile; fileRef = FDA87D4E1D2D03D200382EAB /* LYDefine.m */; };
		FDB306B71DACC2D2006501D2 /* UIView+LYLayout.m in Sources */ = {isa = PBXBuildFile; fileRef = FDB306B61DACC2D2006501D2 /* UIView+LYLayout.m */; };
		FDC245F41D378C03006B470D /* UIView+LYSnapshot.m in Sources */ = {isa = PBXBuildFile; fileRef = FDC245F31D378C03006B470D /* UIView+LYSnapshot.m */; };
		FDC638071D349350002F40BE /* UIImage+LYUtil.m in Sources */ = {isa = PBXBuildFile; fileRef = FDC638061D349350002F40BE /* UIImage+LYUtil.m */; };
		FDE1CB6E1DD1B7260080D01D /* FileUtil.m in Sources */ = {isa = PBXBuildFile; fileRef = FDE1CB6D1DD1B7260080D01D /* FileUtil.m */; };
		FDF979FB1D3A0AC500F09D05 /* TextUtil.m in Sources */ = {isa = PBXBuildFile; fileRef = FDF979FA1D3A0AC500F09D05 /* TextUtil.m */; };
/* End PBXBuildFile section */

/* Begin PBXContainerItemProxy section */
		FD5FCCE41CF322D50094752B /* PBXContainerItemProxy */ = {
			isa = PBXContainerItemProxy;
			containerPortal = FD5FCCC21CF322D40094752B /* Project object */;
			proxyType = 1;
			remoteGlobalIDString = FD5FCCC91CF322D40094752B;
			remoteInfo = LYFrameworkDemo;
		};
/* End PBXContainerItemProxy section */

/* Begin PBXFileReference section */
		FD3426D81D2AA7A3003BC203 /* ChatUtilTest.m */ = {isa = PBXFileReference; fileEncoding = 4; lastKnownFileType = sourcecode.c.objc; path = ChatUtilTest.m; sourceTree = "<group>"; };
		FD3426DE1D2B834C003BC203 /* CVUtil.h */ = {isa = PBXFileReference; fileEncoding = 4; lastKnownFileType = sourcecode.c.h; path = CVUtil.h; sourceTree = "<group>"; };
		FD3426DF1D2B834C003BC203 /* CVUtil.m */ = {isa = PBXFileReference; fileEncoding = 4; lastKnownFileType = sourcecode.c.objc; path = CVUtil.m; sourceTree = "<group>"; };
		FD3426E11D2B8477003BC203 /* abc.png */ = {isa = PBXFileReference; lastKnownFileType = image.png; path = abc.png; sourceTree = SOURCE_ROOT; };
		FD5FCCCA1CF322D40094752B /* LYFrameworkDemo.app */ = {isa = PBXFileReference; explicitFileType = wrapper.application; includeInIndex = 0; path = LYFrameworkDemo.app; sourceTree = BUILT_PRODUCTS_DIR; };
		FD5FCCCE1CF322D40094752B /* main.m */ = {isa = PBXFileReference; lastKnownFileType = sourcecode.c.objc; path = main.m; sourceTree = "<group>"; };
		FD5FCCD01CF322D40094752B /* AppDelegate.h */ = {isa = PBXFileReference; lastKnownFileType = sourcecode.c.h; path = AppDelegate.h; sourceTree = "<group>"; };
		FD5FCCD11CF322D40094752B /* AppDelegate.m */ = {isa = PBXFileReference; lastKnownFileType = sourcecode.c.objc; path = AppDelegate.m; sourceTree = "<group>"; };
		FD5FCCD31CF322D40094752B /* ViewController.h */ = {isa = PBXFileReference; lastKnownFileType = sourcecode.c.h; path = ViewController.h; sourceTree = "<group>"; };
		FD5FCCD41CF322D40094752B /* ViewController.m */ = {isa = PBXFileReference; lastKnownFileType = sourcecode.c.objc; path = ViewController.m; sourceTree = "<group>"; };
		FD5FCCD71CF322D40094752B /* Base */ = {isa = PBXFileReference; lastKnownFileType = file.storyboard; name = Base; path = Base.lproj/Main.storyboard; sourceTree = "<group>"; };
		FD5FCCD91CF322D40094752B /* Assets.xcassets */ = {isa = PBXFileReference; lastKnownFileType = folder.assetcatalog; path = Assets.xcassets; sourceTree = "<group>"; };
		FD5FCCDC1CF322D40094752B /* Base */ = {isa = PBXFileReference; lastKnownFileType = file.storyboard; name = Base; path = Base.lproj/LaunchScreen.storyboard; sourceTree = "<group>"; };
		FD5FCCDE1CF322D40094752B /* Info.plist */ = {isa = PBXFileReference; lastKnownFileType = text.plist.xml; path = Info.plist; sourceTree = "<group>"; };
		FD5FCCE31CF322D50094752B /* LYFrameworkDemoTests.xctest */ = {isa = PBXFileReference; explicitFileType = wrapper.cfbundle; includeInIndex = 0; path = LYFrameworkDemoTests.xctest; sourceTree = BUILT_PRODUCTS_DIR; };
		FD5FCCE71CF322D50094752B /* LYFrameworkDemoTests.m */ = {isa = PBXFileReference; lastKnownFileType = sourcecode.c.objc; path = LYFrameworkDemoTests.m; sourceTree = "<group>"; };
		FD5FCCE91CF322D50094752B /* Info.plist */ = {isa = PBXFileReference; lastKnownFileType = text.plist.xml; path = Info.plist; sourceTree = "<group>"; };
		FD6415891D2E45A10067D592 /* UIViewController+YingYingImagePickerController.h */ = {isa = PBXFileReference; fileEncoding = 4; lastKnownFileType = sourcecode.c.h; path = "UIViewController+YingYingImagePickerController.h"; sourceTree = "<group>"; };
		FD64158A1D2E45A10067D592 /* UIViewController+YingYingImagePickerController.m */ = {isa = PBXFileReference; fileEncoding = 4; lastKnownFileType = sourcecode.c.objc; path = "UIViewController+YingYingImagePickerController.m"; sourceTree = "<group>"; };
		FD65AC2D1D20D20800C5C1A4 /* ChatUtil.h */ = {isa = PBXFileReference; fileEncoding = 4; lastKnownFileType = sourcecode.c.h; path = ChatUtil.h; sourceTree = "<group>"; };
		FD65AC2E1D20D20800C5C1A4 /* ChatUtil.m */ = {isa = PBXFileReference; fileEncoding = 4; lastKnownFileType = sourcecode.c.objc; path = ChatUtil.m; sourceTree = "<group>"; };
		FD65AC2F1D20D20800C5C1A4 /* IPAddressUtil.h */ = {isa = PBXFileReference; fileEncoding = 4; lastKnownFileType = sourcecode.c.h; path = IPAddressUtil.h; sourceTree = "<group>"; };
		FD65AC301D20D20800C5C1A4 /* IPAddressUtil.m */ = {isa = PBXFileReference; fileEncoding = 4; lastKnownFileType = sourcecode.c.objc; path = IPAddressUtil.m; sourceTree = "<group>"; };
		FD65AC321D20D20800C5C1A4 /* LYCoding.h */ = {isa = PBXFileReference; fileEncoding = 4; lastKnownFileType = sourcecode.c.h; path = LYCoding.h; sourceTree = "<group>"; };
		FD65AC331D20D20800C5C1A4 /* LYCoding.m */ = {isa = PBXFileReference; fileEncoding = 4; lastKnownFileType = sourcecode.c.objc; path = LYCoding.m; sourceTree = "<group>"; };
		FD65AC341D20D20800C5C1A4 /* LYTypeEncoding.h */ = {isa = PBXFileReference; fileEncoding = 4; lastKnownFileType = sourcecode.c.h; path = LYTypeEncoding.h; sourceTree = "<group>"; };
		FD65AC351D20D20800C5C1A4 /* LYTypeEncoding.m */ = {isa = PBXFileReference; fileEncoding = 4; lastKnownFileType = sourcecode.c.objc; path = LYTypeEncoding.m; sourceTree = "<group>"; };
		FD65AC361D20D20800C5C1A4 /* NSDictionary+LYDictToObject.h */ = {isa = PBXFileReference; fileEncoding = 4; lastKnownFileType = sourcecode.c.h; path = "NSDictionary+LYDictToObject.h"; sourceTree = "<group>"; };
		FD65AC371D20D20800C5C1A4 /* NSDictionary+LYDictToObject.m */ = {isa = PBXFileReference; fileEncoding = 4; lastKnownFileType = sourcecode.c.objc; path = "NSDictionary+LYDictToObject.m"; sourceTree = "<group>"; };
		FD65AC381D20D20800C5C1A4 /* NSObject+LYTypeConversion.h */ = {isa = PBXFileReference; fileEncoding = 4; lastKnownFileType = sourcecode.c.h; path = "NSObject+LYTypeConversion.h"; sourceTree = "<group>"; };
		FD65AC391D20D20800C5C1A4 /* NSObject+LYTypeConversion.m */ = {isa = PBXFileReference; fileEncoding = 4; lastKnownFileType = sourcecode.c.objc; path = "NSObject+LYTypeConversion.m"; sourceTree = "<group>"; };
		FD65AC3B1D20D20800C5C1A4 /* LYColor.h */ = {isa = PBXFileReference; fileEncoding = 4; lastKnownFileType = sourcecode.c.h; path = LYColor.h; sourceTree = "<group>"; };
		FD65AC3C1D20D20800C5C1A4 /* LYColor.m */ = {isa = PBXFileReference; fileEncoding = 4; lastKnownFileType = sourcecode.c.objc; path = LYColor.m; sourceTree = "<group>"; };
		FD65AC3D1D20D20800C5C1A4 /* LYDebug.h */ = {isa = PBXFileReference; fileEncoding = 4; lastKnownFileType = sourcecode.c.h; path = LYDebug.h; sourceTree = "<group>"; };
		FD65AC3E1D20D20800C5C1A4 /* LYDebug.m */ = {isa = PBXFileReference; fileEncoding = 4; lastKnownFileType = sourcecode.c.objc; path = LYDebug.m; sourceTree = "<group>"; };
		FD65AC3F1D20D20800C5C1A4 /* NSObject+LYUITipsView.h */ = {isa = PBXFileReference; fileEncoding = 4; lastKnownFileType = sourcecode.c.h; path = "NSObject+LYUITipsView.h"; sourceTree = "<group>"; };
		FD65AC401D20D20800C5C1A4 /* NSObject+LYUITipsView.m */ = {isa = PBXFileReference; fileEncoding = 4; lastKnownFileType = sourcecode.c.objc; path = "NSObject+LYUITipsView.m"; sourceTree = "<group>"; };
		FD65AC411D20D20800C5C1A4 /* UIImage+Blur.h */ = {isa = PBXFileReference; fileEncoding = 4; lastKnownFileType = sourcecode.c.h; path = "UIImage+Blur.h"; sourceTree = "<group>"; };
		FD65AC421D20D20800C5C1A4 /* UIImage+Blur.m */ = {isa = PBXFileReference; fileEncoding = 4; lastKnownFileType = sourcecode.c.objc; path = "UIImage+Blur.m"; sourceTree = "<group>"; };
		FD75C8271D4EEE3300E0F95E /* AroundAddressViewModel.h */ = {isa = PBXFileReference; fileEncoding = 4; lastKnownFileType = sourcecode.c.h; path = AroundAddressViewModel.h; sourceTree = "<group>"; };
		FD75C8281D4EEE3300E0F95E /* AroundAddressViewModel.m */ = {isa = PBXFileReference; fileEncoding = 4; lastKnownFileType = sourcecode.c.objc; path = AroundAddressViewModel.m; sourceTree = "<group>"; };
		FD75C8291D4EEE3300E0F95E /* AroundModalAddressController.h */ = {isa = PBXFileReference; fileEncoding = 4; lastKnownFileType = sourcecode.c.h; path = AroundModalAddressController.h; sourceTree = "<group>"; };
		FD75C82A1D4EEE3300E0F95E /* AroundModalAddressController.m */ = {isa = PBXFileReference; fileEncoding = 4; lastKnownFileType = sourcecode.c.objc; path = AroundModalAddressController.m; sourceTree = "<group>"; };
		FD75C82B1D4EEE3300E0F95E /* AroundModalAddressController.xib */ = {isa = PBXFileReference; fileEncoding = 4; lastKnownFileType = file.xib; path = AroundModalAddressController.xib; sourceTree = "<group>"; };
		FD75C82C1D4EEE3300E0F95E /* china.txt */ = {isa = PBXFileReference; fileEncoding = 4; lastKnownFileType = text; path = china.txt; sourceTree = "<group>"; };
		FD8BC4301D9B6FCA00BF9AB2 /* CaptureStreamUtil.h */ = {isa = PBXFileReference; fileEncoding = 4; lastKnownFileType = sourcecode.c.h; path = CaptureStreamUtil.h; sourceTree = "<group>"; };
		FD8BC4311D9B6FCA00BF9AB2 /* CaptureStreamUtil.m */ = {isa = PBXFileReference; fileEncoding = 4; lastKnownFileType = sourcecode.c.objc; path = CaptureStreamUtil.m; sourceTree = "<group>"; };
		FD8BC4321D9B6FCA00BF9AB2 /* CaptureUtil.h */ = {isa = PBXFileReference; fileEncoding = 4; lastKnownFileType = sourcecode.c.h; path = CaptureUtil.h; sourceTree = "<group>"; };
		FD8BC4331D9B6FCA00BF9AB2 /* CaptureUtil.m */ = {isa = PBXFileReference; fileEncoding = 4; lastKnownFileType = sourcecode.c.objc; path = CaptureUtil.m; sourceTree = "<group>"; };
		FDA87D3F1D2CCDBA00382EAB /* TimeUtil.h */ = {isa = PBXFileReference; fileEncoding = 4; lastKnownFileType = sourcecode.c.h; path = TimeUtil.h; sourceTree = "<group>"; };
		FDA87D401D2CCDBA00382EAB /* TimeUtil.m */ = {isa = PBXFileReference; fileEncoding = 4; lastKnownFileType = sourcecode.c.objc; path = TimeUtil.m; sourceTree = "<group>"; };
		FDA87D421D2CD0AA00382EAB /* TimeUtilTest.m */ = {isa = PBXFileReference; fileEncoding = 4; lastKnownFileType = sourcecode.c.objc; path = TimeUtilTest.m; sourceTree = "<group>"; };
		FDA87D441D2CE9D900382EAB /* RuntimeUtil.h */ = {isa = PBXFileReference; fileEncoding = 4; lastKnownFileType = sourcecode.c.h; path = RuntimeUtil.h; sourceTree = "<group>"; };
		FDA87D451D2CE9D900382EAB /* RuntimeUtil.m */ = {isa = PBXFileReference; fileEncoding = 4; lastKnownFileType = sourcecode.c.objc; path = RuntimeUtil.m; sourceTree = "<group>"; };
		FDA87D4B1D2CF7D400382EAB /* LYRACMetamacros.h */ = {isa = PBXFileReference; lastKnownFileType = sourcecode.c.h; path = LYRACMetamacros.h; sourceTree = "<group>"; };
		FDA87D4C1D2CF84800382EAB /* LYRACDefine.h */ = {isa = PBXFileReference; lastKnownFileType = sourcecode.c.h; path = LYRACDefine.h; sourceTree = "<group>"; };
		FDA87D4D1D2CFED300382EAB /* LYDefine.h */ = {isa = PBXFileReference; lastKnownFileType = sourcecode.c.h; path = LYDefine.h; sourceTree = "<group>"; };
		FDA87D4E1D2D03D200382EAB /* LYDefine.m */ = {isa = PBXFileReference; fileEncoding = 4; lastKnownFileType = sourcecode.c.objc; path = LYDefine.m; sourceTree = "<group>"; };
		FDB306B51DACC2D2006501D2 /* UIView+LYLayout.h */ = {isa = PBXFileReference; fileEncoding = 4; lastKnownFileType = sourcecode.c.h; path = "UIView+LYLayout.h"; sourceTree = "<group>"; };
		FDB306B61DACC2D2006501D2 /* UIView+LYLayout.m */ = {isa = PBXFileReference; fileEncoding = 4; lastKnownFileType = sourcecode.c.objc; path = "UIView+LYLayout.m"; sourceTree = "<group>"; };
		FDC245F21D378C03006B470D /* UIView+LYSnapshot.h */ = {isa = PBXFileReference; fileEncoding = 4; lastKnownFileType = sourcecode.c.h; path = "UIView+LYSnapshot.h"; sourceTree = "<group>"; };
		FDC245F31D378C03006B470D /* UIView+LYSnapshot.m */ = {isa = PBXFileReference; fileEncoding = 4; lastKnownFileType = sourcecode.c.objc; path = "UIView+LYSnapshot.m"; sourceTree = "<group>"; };
		FDC638051D349350002F40BE /* UIImage+LYUtil.h */ = {isa = PBXFileReference; fileEncoding = 4; lastKnownFileType = sourcecode.c.h; path = "UIImage+LYUtil.h"; sourceTree = "<group>"; };
		FDC638061D349350002F40BE /* UIImage+LYUtil.m */ = {isa = PBXFileReference; fileEncoding = 4; lastKnownFileType = sourcecode.c.objc; path = "UIImage+LYUtil.m"; sourceTree = "<group>"; };
		FDE1CB6C1DD1B7260080D01D /* FileUtil.h */ = {isa = PBXFileReference; fileEncoding = 4; lastKnownFileType = sourcecode.c.h; path = FileUtil.h; sourceTree = "<group>"; };
		FDE1CB6D1DD1B7260080D01D /* FileUtil.m */ = {isa = PBXFileReference; fileEncoding = 4; lastKnownFileType = sourcecode.c.objc; path = FileUtil.m; sourceTree = "<group>"; };
		FDF979F91D3A0AC500F09D05 /* TextUtil.h */ = {isa = PBXFileReference; fileEncoding = 4; lastKnownFileType = sourcecode.c.h; path = TextUtil.h; sourceTree = "<group>"; };
		FDF979FA1D3A0AC500F09D05 /* TextUtil.m */ = {isa = PBXFileReference; fileEncoding = 4; lastKnownFileType = sourcecode.c.objc; path = TextUtil.m; sourceTree = "<group>"; };
/* End PBXFileReference section */

/* Begin PBXFrameworksBuildPhase section */
		FD5FCCC71CF322D40094752B /* Frameworks */ = {
			isa = PBXFrameworksBuildPhase;
			buildActionMask = 2147483647;
			files = (
			);
			runOnlyForDeploymentPostprocessing = 0;
		};
		FD5FCCE01CF322D50094752B /* Frameworks */ = {
			isa = PBXFrameworksBuildPhase;
			buildActionMask = 2147483647;
			files = (
			);
			runOnlyForDeploymentPostprocessing = 0;
		};
/* End PBXFrameworksBuildPhase section */

/* Begin PBXGroup section */
		FD5FCCC11CF322D40094752B = {
			isa = PBXGroup;
			children = (
				FD5FCCCC1CF322D40094752B /* LYFrameworkDemo */,
				FD5FCCE61CF322D50094752B /* LYFrameworkDemoTests */,
				FD5FCCCB1CF322D40094752B /* Products */,
			);
			sourceTree = "<group>";
		};
		FD5FCCCB1CF322D40094752B /* Products */ = {
			isa = PBXGroup;
			children = (
				FD5FCCCA1CF322D40094752B /* LYFrameworkDemo.app */,
				FD5FCCE31CF322D50094752B /* LYFrameworkDemoTests.xctest */,
			);
			name = Products;
			sourceTree = "<group>";
		};
		FD5FCCCC1CF322D40094752B /* LYFrameworkDemo */ = {
			isa = PBXGroup;
			children = (
				FD65AC2B1D20D20800C5C1A4 /* LYFramework */,
				FD5FCCD01CF322D40094752B /* AppDelegate.h */,
				FD5FCCD11CF322D40094752B /* AppDelegate.m */,
				FD5FCCD31CF322D40094752B /* ViewController.h */,
				FD5FCCD41CF322D40094752B /* ViewController.m */,
				FD5FCCD61CF322D40094752B /* Main.storyboard */,
				FD5FCCD91CF322D40094752B /* Assets.xcassets */,
				FD5FCCDB1CF322D40094752B /* LaunchScreen.storyboard */,
				FD5FCCDE1CF322D40094752B /* Info.plist */,
				FD5FCCCD1CF322D40094752B /* Supporting Files */,
			);
			path = LYFrameworkDemo;
			sourceTree = "<group>";
		};
		FD5FCCCD1CF322D40094752B /* Supporting Files */ = {
			isa = PBXGroup;
			children = (
				FD3426E11D2B8477003BC203 /* abc.png */,
				FD5FCCCE1CF322D40094752B /* main.m */,
			);
			name = "Supporting Files";
			sourceTree = "<group>";
		};
		FD5FCCE61CF322D50094752B /* LYFrameworkDemoTests */ = {
			isa = PBXGroup;
			children = (
				FD5FCCE71CF322D50094752B /* LYFrameworkDemoTests.m */,
				FD5FCCE91CF322D50094752B /* Info.plist */,
				FD3426D81D2AA7A3003BC203 /* ChatUtilTest.m */,
				FDA87D421D2CD0AA00382EAB /* TimeUtilTest.m */,
			);
			path = LYFrameworkDemoTests;
			sourceTree = "<group>";
		};
		FD65AC2B1D20D20800C5C1A4 /* LYFramework */ = {
			isa = PBXGroup;
			children = (
				FD65AC2C1D20D20800C5C1A4 /* Business */,
				FD65AC311D20D20800C5C1A4 /* Core */,
				FD65AC3A1D20D20800C5C1A4 /* UIKit */,
			);
			path = LYFramework;
			sourceTree = SOURCE_ROOT;
		};
		FD65AC2C1D20D20800C5C1A4 /* Business */ = {
			isa = PBXGroup;
			children = (
				FD8BC4301D9B6FCA00BF9AB2 /* CaptureStreamUtil.h */,
				FD8BC4311D9B6FCA00BF9AB2 /* CaptureStreamUtil.m */,
				FD8BC4321D9B6FCA00BF9AB2 /* CaptureUtil.h */,
				FD8BC4331D9B6FCA00BF9AB2 /* CaptureUtil.m */,
				FD75C8261D4EEE3300E0F95E /* area */,
				FD65AC2D1D20D20800C5C1A4 /* ChatUtil.h */,
				FD65AC2E1D20D20800C5C1A4 /* ChatUtil.m */,
				FD65AC2F1D20D20800C5C1A4 /* IPAddressUtil.h */,
				FD65AC301D20D20800C5C1A4 /* IPAddressUtil.m */,
				FD3426DE1D2B834C003BC203 /* CVUtil.h */,
				FD3426DF1D2B834C003BC203 /* CVUtil.m */,
				FDA87D3F1D2CCDBA00382EAB /* TimeUtil.h */,
				FDA87D401D2CCDBA00382EAB /* TimeUtil.m */,
				FDA87D441D2CE9D900382EAB /* RuntimeUtil.h */,
				FDA87D451D2CE9D900382EAB /* RuntimeUtil.m */,
				FDF979F91D3A0AC500F09D05 /* TextUtil.h */,
				FDF979FA1D3A0AC500F09D05 /* TextUtil.m */,
				FDA87D4B1D2CF7D400382EAB /* LYRACMetamacros.h */,
				FDA87D4C1D2CF84800382EAB /* LYRACDefine.h */,
				FDA87D4D1D2CFED300382EAB /* LYDefine.h */,
				FDA87D4E1D2D03D200382EAB /* LYDefine.m */,
				FDE1CB6C1DD1B7260080D01D /* FileUtil.h */,
				FDE1CB6D1DD1B7260080D01D /* FileUtil.m */,
			);
			path = Business;
			sourceTree = "<group>";
		};
		FD65AC311D20D20800C5C1A4 /* Core */ = {
			isa = PBXGroup;
			children = (
				FD65AC321D20D20800C5C1A4 /* LYCoding.h */,
				FD65AC331D20D20800C5C1A4 /* LYCoding.m */,
				FD65AC341D20D20800C5C1A4 /* LYTypeEncoding.h */,
				FD65AC351D20D20800C5C1A4 /* LYTypeEncoding.m */,
				FD65AC361D20D20800C5C1A4 /* NSDictionary+LYDictToObject.h */,
				FD65AC371D20D20800C5C1A4 /* NSDictionary+LYDictToObject.m */,
				FD65AC381D20D20800C5C1A4 /* NSObject+LYTypeConversion.h */,
				FD65AC391D20D20800C5C1A4 /* NSObject+LYTypeConversion.m */,
			);
			path = Core;
			sourceTree = "<group>";
		};
		FD65AC3A1D20D20800C5C1A4 /* UIKit */ = {
			isa = PBXGroup;
			children = (
				FD6415891D2E45A10067D592 /* UIViewController+YingYingImagePickerController.h */,
				FD64158A1D2E45A10067D592 /* UIViewController+YingYingImagePickerController.m */,
				FD65AC3B1D20D20800C5C1A4 /* LYColor.h */,
				FD65AC3C1D20D20800C5C1A4 /* LYColor.m */,
				FD65AC3D1D20D20800C5C1A4 /* LYDebug.h */,
				FD65AC3E1D20D20800C5C1A4 /* LYDebug.m */,
				FD65AC3F1D20D20800C5C1A4 /* NSObject+LYUITipsView.h */,
				FD65AC401D20D20800C5C1A4 /* NSObject+LYUITipsView.m */,
				FD65AC411D20D20800C5C1A4 /* UIImage+Blur.h */,
				FD65AC421D20D20800C5C1A4 /* UIImage+Blur.m */,
				FDC245F21D378C03006B470D /* UIView+LYSnapshot.h */,
				FDC245F31D378C03006B470D /* UIView+LYSnapshot.m */,
				FDC638051D349350002F40BE /* UIImage+LYUtil.h */,
				FDC638061D349350002F40BE /* UIImage+LYUtil.m */,
				FDB306B51DACC2D2006501D2 /* UIView+LYLayout.h */,
				FDB306B61DACC2D2006501D2 /* UIView+LYLayout.m */,
			);
			path = UIKit;
			sourceTree = "<group>";
		};
		FD75C8261D4EEE3300E0F95E /* area */ = {
			isa = PBXGroup;
			children = (
				FD75C8271D4EEE3300E0F95E /* AroundAddressViewModel.h */,
				FD75C8281D4EEE3300E0F95E /* AroundAddressViewModel.m */,
				FD75C8291D4EEE3300E0F95E /* AroundModalAddressController.h */,
				FD75C82A1D4EEE3300E0F95E /* AroundModalAddressController.m */,
				FD75C82B1D4EEE3300E0F95E /* AroundModalAddressController.xib */,
				FD75C82C1D4EEE3300E0F95E /* china.txt */,
			);
			path = area;
			sourceTree = "<group>";
		};
/* End PBXGroup section */

/* Begin PBXNativeTarget section */
		FD5FCCC91CF322D40094752B /* LYFrameworkDemo */ = {
			isa = PBXNativeTarget;
			buildConfigurationList = FD5FCCEC1CF322D50094752B /* Build configuration list for PBXNativeTarget "LYFrameworkDemo" */;
			buildPhases = (
				FD5FCCC61CF322D40094752B /* Sources */,
				FD5FCCC71CF322D40094752B /* Frameworks */,
				FD5FCCC81CF322D40094752B /* Resources */,
			);
			buildRules = (
			);
			dependencies = (
			);
			name = LYFrameworkDemo;
			productName = LYFrameworkDemo;
			productReference = FD5FCCCA1CF322D40094752B /* LYFrameworkDemo.app */;
			productType = "com.apple.product-type.application";
		};
		FD5FCCE21CF322D50094752B /* LYFrameworkDemoTests */ = {
			isa = PBXNativeTarget;
			buildConfigurationList = FD5FCCEF1CF322D50094752B /* Build configuration list for PBXNativeTarget "LYFrameworkDemoTests" */;
			buildPhases = (
				FD5FCCDF1CF322D50094752B /* Sources */,
				FD5FCCE01CF322D50094752B /* Frameworks */,
				FD5FCCE11CF322D50094752B /* Resources */,
			);
			buildRules = (
			);
			dependencies = (
				FD5FCCE51CF322D50094752B /* PBXTargetDependency */,
			);
			name = LYFrameworkDemoTests;
			productName = LYFrameworkDemoTests;
			productReference = FD5FCCE31CF322D50094752B /* LYFrameworkDemoTests.xctest */;
			productType = "com.apple.product-type.bundle.unit-test";
		};
/* End PBXNativeTarget section */

/* Begin PBXProject section */
		FD5FCCC21CF322D40094752B /* Project object */ = {
			isa = PBXProject;
			attributes = {
				LastUpgradeCheck = 0730;
				ORGANIZATIONNAME = "林伟池";
				TargetAttributes = {
					FD5FCCC91CF322D40094752B = {
						CreatedOnToolsVersion = 7.3;
						DevelopmentTeam = A478ENRUX2;
					};
					FD5FCCE21CF322D50094752B = {
						CreatedOnToolsVersion = 7.3;
						TestTargetID = FD5FCCC91CF322D40094752B;
					};
				};
			};
			buildConfigurationList = FD5FCCC51CF322D40094752B /* Build configuration list for PBXProject "LYFrameworkDemo" */;
			compatibilityVersion = "Xcode 3.2";
			developmentRegion = English;
			hasScannedForEncodings = 0;
			knownRegions = (
				en,
				Base,
			);
			mainGroup = FD5FCCC11CF322D40094752B;
			productRefGroup = FD5FCCCB1CF322D40094752B /* Products */;
			projectDirPath = "";
			projectRoot = "";
			targets = (
				FD5FCCC91CF322D40094752B /* LYFrameworkDemo */,
				FD5FCCE21CF322D50094752B /* LYFrameworkDemoTests */,
			);
		};
/* End PBXProject section */

/* Begin PBXResourcesBuildPhase section */
		FD5FCCC81CF322D40094752B /* Resources */ = {
			isa = PBXResourcesBuildPhase;
			buildActionMask = 2147483647;
			files = (
				FD75C8301D4EEE3300E0F95E /* china.txt in Resources */,
				FD3426E21D2B8477003BC203 /* abc.png in Resources */,
				FD5FCCDD1CF322D40094752B /* LaunchScreen.storyboard in Resources */,
				FD5FCCDA1CF322D40094752B /* Assets.xcassets in Resources */,
				FD75C82F1D4EEE3300E0F95E /* AroundModalAddressController.xib in Resources */,
				FD5FCCD81CF322D40094752B /* Main.storyboard in Resources */,
			);
			runOnlyForDeploymentPostprocessing = 0;
		};
		FD5FCCE11CF322D50094752B /* Resources */ = {
			isa = PBXResourcesBuildPhase;
			buildActionMask = 2147483647;
			files = (
			);
			runOnlyForDeploymentPostprocessing = 0;
		};
/* End PBXResourcesBuildPhase section */

/* Begin PBXSourcesBuildPhase section */
		FD5FCCC61CF322D40094752B /* Sources */ = {
			isa = PBXSourcesBuildPhase;
			buildActionMask = 2147483647;
			files = (
				FDA87D4F1D2D03D200382EAB /* LYDefine.m in Sources */,
				FD65AC4A1D20D20800C5C1A4 /* LYDebug.m in Sources */,
				FD65AC431D20D20800C5C1A4 /* ChatUtil.m in Sources */,
				FDC245F41D378C03006B470D /* UIView+LYSnapshot.m in Sources */,
				FD75C82D1D4EEE3300E0F95E /* AroundAddressViewModel.m in Sources */,
				FDA87D411D2CCDBA00382EAB /* TimeUtil.m in Sources */,
				FDE1CB6E1DD1B7260080D01D /* FileUtil.m in Sources */,
				FD65AC4C1D20D20800C5C1A4 /* UIImage+Blur.m in Sources */,
				FDB306B71DACC2D2006501D2 /* UIView+LYLayout.m in Sources */,
				FDC638071D349350002F40BE /* UIImage+LYUtil.m in Sources */,
				FD65AC471D20D20800C5C1A4 /* NSDictionary+LYDictToObject.m in Sources */,
				FD8BC4351D9B6FCA00BF9AB2 /* CaptureUtil.m in Sources */,
				FD5FCCD51CF322D40094752B /* ViewController.m in Sources */,
				FD65AC481D20D20800C5C1A4 /* NSObject+LYTypeConversion.m in Sources */,
				FD65AC461D20D20800C5C1A4 /* LYTypeEncoding.m in Sources */,
				FD8BC4341D9B6FCA00BF9AB2 /* CaptureStreamUtil.m in Sources */,
				FD65AC4B1D20D20800C5C1A4 /* NSObject+LYUITipsView.m in Sources */,
				FD75C82E1D4EEE3300E0F95E /* AroundModalAddressController.m in Sources */,
				FD5FCCD21CF322D40094752B /* AppDelegate.m in Sources */,
				FDA87D461D2CE9D900382EAB /* RuntimeUtil.m in Sources */,
				FD5FCCCF1CF322D40094752B /* main.m in Sources */,
				FD65AC441D20D20800C5C1A4 /* IPAddressUtil.m in Sources */,
				FD65AC491D20D20800C5C1A4 /* LYColor.m in Sources */,
				FD3426E01D2B834C003BC203 /* CVUtil.m in Sources */,
				FDF979FB1D3A0AC500F09D05 /* TextUtil.m in Sources */,
				FD64158B1D2E45A10067D592 /* UIViewController+YingYingImagePickerController.m in Sources */,
				FD65AC451D20D20800C5C1A4 /* LYCoding.m in Sources */,
			);
			runOnlyForDeploymentPostprocessing = 0;
		};
		FD5FCCDF1CF322D50094752B /* Sources */ = {
			isa = PBXSourcesBuildPhase;
			buildActionMask = 2147483647;
			files = (
				FD5FCCE81CF322D50094752B /* LYFrameworkDemoTests.m in Sources */,
				FD3426D91D2AA7A3003BC203 /* ChatUtilTest.m in Sources */,
				FDA87D431D2CD0AA00382EAB /* TimeUtilTest.m in Sources */,
			);
			runOnlyForDeploymentPostprocessing = 0;
		};
/* End PBXSourcesBuildPhase section */

/* Begin PBXTargetDependency section */
		FD5FCCE51CF322D50094752B /* PBXTargetDependency */ = {
			isa = PBXTargetDependency;
			target = FD5FCCC91CF322D40094752B /* LYFrameworkDemo */;
			targetProxy = FD5FCCE41CF322D50094752B /* PBXContainerItemProxy */;
		};
/* End PBXTargetDependency section */

/* Begin PBXVariantGroup section */
		FD5FCCD61CF322D40094752B /* Main.storyboard */ = {
			isa = PBXVariantGroup;
			children = (
				FD5FCCD71CF322D40094752B /* Base */,
			);
			name = Main.storyboard;
			sourceTree = "<group>";
		};
		FD5FCCDB1CF322D40094752B /* LaunchScreen.storyboard */ = {
			isa = PBXVariantGroup;
			children = (
				FD5FCCDC1CF322D40094752B /* Base */,
			);
			name = LaunchScreen.storyboard;
			sourceTree = "<group>";
		};
/* End PBXVariantGroup section */

/* Begin XCBuildConfiguration section */
		FD5FCCEA1CF322D50094752B /* Debug */ = {
			isa = XCBuildConfiguration;
			buildSettings = {
				ALWAYS_SEARCH_USER_PATHS = NO;
				CLANG_ANALYZER_NONNULL = YES;
				CLANG_CXX_LANGUAGE_STANDARD = "gnu++0x";
				CLANG_CXX_LIBRARY = "libc++";
				CLANG_ENABLE_MODULES = YES;
				CLANG_ENABLE_OBJC_ARC = YES;
				CLANG_WARN_BOOL_CONVERSION = YES;
				CLANG_WARN_CONSTANT_CONVERSION = YES;
				CLANG_WARN_DIRECT_OBJC_ISA_USAGE = YES_ERROR;
				CLANG_WARN_EMPTY_BODY = YES;
				CLANG_WARN_ENUM_CONVERSION = YES;
				CLANG_WARN_INT_CONVERSION = YES;
				CLANG_WARN_OBJC_ROOT_CLASS = YES_ERROR;
				CLANG_WARN_UNREACHABLE_CODE = YES;
				CLANG_WARN__DUPLICATE_METHOD_MATCH = YES;
				"CODE_SIGN_IDENTITY[sdk=iphoneos*]" = "iPhone Developer";
				COPY_PHASE_STRIP = NO;
				DEBUG_INFORMATION_FORMAT = dwarf;
				ENABLE_STRICT_OBJC_MSGSEND = YES;
				ENABLE_TESTABILITY = YES;
				GCC_C_LANGUAGE_STANDARD = gnu99;
				GCC_DYNAMIC_NO_PIC = NO;
				GCC_NO_COMMON_BLOCKS = YES;
				GCC_OPTIMIZATION_LEVEL = 0;
				GCC_PREPROCESSOR_DEFINITIONS = (
					"DEBUG=1",
					"$(inherited)",
				);
				GCC_WARN_64_TO_32_BIT_CONVERSION = YES;
				GCC_WARN_ABOUT_RETURN_TYPE = YES_ERROR;
				GCC_WARN_UNDECLARED_SELECTOR = YES;
				GCC_WARN_UNINITIALIZED_AUTOS = YES_AGGRESSIVE;
				GCC_WARN_UNUSED_FUNCTION = YES;
				GCC_WARN_UNUSED_VARIABLE = YES;
				IPHONEOS_DEPLOYMENT_TARGET = 9.3;
				MTL_ENABLE_DEBUG_INFO = YES;
				ONLY_ACTIVE_ARCH = YES;
				SDKROOT = iphoneos;
			};
			name = Debug;
		};
		FD5FCCEB1CF322D50094752B /* Release */ = {
			isa = XCBuildConfiguration;
			buildSettings = {
				ALWAYS_SEARCH_USER_PATHS = NO;
				CLANG_ANALYZER_NONNULL = YES;
				CLANG_CXX_LANGUAGE_STANDARD = "gnu++0x";
				CLANG_CXX_LIBRARY = "libc++";
				CLANG_ENABLE_MODULES = YES;
				CLANG_ENABLE_OBJC_ARC = YES;
				CLANG_WARN_BOOL_CONVERSION = YES;
				CLANG_WARN_CONSTANT_CONVERSION = YES;
				CLANG_WARN_DIRECT_OBJC_ISA_USAGE = YES_ERROR;
				CLANG_WARN_EMPTY_BODY = YES;
				CLANG_WARN_ENUM_CONVERSION = YES;
				CLANG_WARN_INT_CONVERSION = YES;
				CLANG_WARN_OBJC_ROOT_CLASS = YES_ERROR;
				CLANG_WARN_UNREACHABLE_CODE = YES;
				CLANG_WARN__DUPLICATE_METHOD_MATCH = YES;
				"CODE_SIGN_IDENTITY[sdk=iphoneos*]" = "iPhone Developer";
				COPY_PHASE_STRIP = NO;
				DEBUG_INFORMATION_FORMAT = "dwarf-with-dsym";
				ENABLE_NS_ASSERTIONS = NO;
				ENABLE_STRICT_OBJC_MSGSEND = YES;
				GCC_C_LANGUAGE_STANDARD = gnu99;
				GCC_NO_COMMON_BLOCKS = YES;
				GCC_WARN_64_TO_32_BIT_CONVERSION = YES;
				GCC_WARN_ABOUT_RETURN_TYPE = YES_ERROR;
				GCC_WARN_UNDECLARED_SELECTOR = YES;
				GCC_WARN_UNINITIALIZED_AUTOS = YES_AGGRESSIVE;
				GCC_WARN_UNUSED_FUNCTION = YES;
				GCC_WARN_UNUSED_VARIABLE = YES;
				IPHONEOS_DEPLOYMENT_TARGET = 9.3;
				MTL_ENABLE_DEBUG_INFO = NO;
				SDKROOT = iphoneos;
				VALIDATE_PRODUCT = YES;
			};
			name = Release;
		};
		FD5FCCED1CF322D50094752B /* Debug */ = {
			isa = XCBuildConfiguration;
			buildSettings = {
				ASSETCATALOG_COMPILER_APPICON_NAME = AppIcon;
				DEVELOPMENT_TEAM = A478ENRUX2;
				INFOPLIST_FILE = LYFrameworkDemo/Info.plist;
				IPHONEOS_DEPLOYMENT_TARGET = 7.0;
				LD_RUNPATH_SEARCH_PATHS = "$(inherited) @executable_path/Frameworks";
				PRODUCT_BUNDLE_IDENTIFIER = loying.lin.LYFrameworkDemo;
				PRODUCT_NAME = "$(TARGET_NAME)";
			};
			name = Debug;
		};
		FD5FCCEE1CF322D50094752B /* Release */ = {
			isa = XCBuildConfiguration;
			buildSettings = {
				ASSETCATALOG_COMPILER_APPICON_NAME = AppIcon;
				DEVELOPMENT_TEAM = A478ENRUX2;
				INFOPLIST_FILE = LYFrameworkDemo/Info.plist;
				IPHONEOS_DEPLOYMENT_TARGET = 7.0;
				LD_RUNPATH_SEARCH_PATHS = "$(inherited) @executable_path/Frameworks";
				PRODUCT_BUNDLE_IDENTIFIER = loying.lin.LYFrameworkDemo;
				PRODUCT_NAME = "$(TARGET_NAME)";
			};
			name = Release;
		};
		FD5FCCF01CF322D50094752B /* Debug */ = {
			isa = XCBuildConfiguration;
			buildSettings = {
				BUNDLE_LOADER = "$(TEST_HOST)";
				INFOPLIST_FILE = LYFrameworkDemoTests/Info.plist;
				LD_RUNPATH_SEARCH_PATHS = "$(inherited) @executable_path/Frameworks @loader_path/Frameworks";
				PRODUCT_BUNDLE_IDENTIFIER = loying.lin.LYFrameworkDemoTests;
				PRODUCT_NAME = "$(TARGET_NAME)";
				TEST_HOST = "$(BUILT_PRODUCTS_DIR)/LYFrameworkDemo.app/LYFrameworkDemo";
			};
			name = Debug;
		};
		FD5FCCF11CF322D50094752B /* Release */ = {
			isa = XCBuildConfiguration;
			buildSettings = {
				BUNDLE_LOADER = "$(TEST_HOST)";
				INFOPLIST_FILE = LYFrameworkDemoTests/Info.plist;
				LD_RUNPATH_SEARCH_PATHS = "$(inherited) @executable_path/Frameworks @loader_path/Frameworks";
				PRODUCT_BUNDLE_IDENTIFIER = loying.lin.LYFrameworkDemoTests;
				PRODUCT_NAME = "$(TARGET_NAME)";
				TEST_HOST = "$(BUILT_PRODUCTS_DIR)/LYFrameworkDemo.app/LYFrameworkDemo";
			};
			name = Release;
		};
/* End XCBuildConfiguration section */

/* Begin XCConfigurationList section */
		FD5FCCC51CF322D40094752B /* Build configuration list for PBXProject "LYFrameworkDemo" */ = {
			isa = XCConfigurationList;
			buildConfigurations = (
				FD5FCCEA1CF322D50094752B /* Debug */,
				FD5FCCEB1CF322D50094752B /* Release */,
			);
			defaultConfigurationIsVisible = 0;
			defaultConfigurationName = Release;
		};
		FD5FCCEC1CF322D50094752B /* Build configuration list for PBXNativeTarget "LYFrameworkDemo" */ = {
			isa = XCConfigurationList;
			buildConfigurations = (
				FD5FCCED1CF322D50094752B /* Debug */,
				FD5FCCEE1CF322D50094752B /* Release */,
			);
			defaultConfigurationIsVisible = 0;
			defaultConfigurationName = Release;
		};
		FD5FCCEF1CF322D50094752B /* Build configuration list for PBXNativeTarget "LYFrameworkDemoTests" */ = {
			isa = XCConfigurationList;
			buildConfigurations = (
				FD5FCCF01CF322D50094752B /* Debug */,
				FD5FCCF11CF322D50094752B /* Release */,
			);
			defaultConfigurationIsVisible = 0;
			defaultConfigurationName = Release;
		};
/* End XCConfigurationList section */
	};
	rootObject = FD5FCCC21CF322D40094752B /* Project object */;
}
